# This file is autogenerated, do not edit; changes may be undone by the next 'dep ensure'.


[[projects]]
  branch = "master"
  digest = "1:394f9bc06365f1d766baf5f8dd18a05fc339c778b4fb7289276543f0ac836eee"
  name = "code.cloudfoundry.org/cfhttp"
  packages = [
    ".",
    "unix_transport",
  ]
  pruneopts = ""
  revision = "08baa6b247caf03100a743f6c3c426d28e55336a"

[[projects]]
  branch = "master"
  digest = "1:e6e756fab56f6712dbf7a09c3fb64bb76dd0d89d93c5617875f7842dec8d34e0"
  name = "code.cloudfoundry.org/cflager"
  packages = ["."]
  pruneopts = ""
  revision = "185387b03a3c0962c9c283b790b9a7ae68b4cbef"

[[projects]]
  branch = "master"
  digest = "1:fc0802104acded1f48e4860a9f2db85b82b4a754fca9eae750ff4e8b8cdf2116"
  name = "code.cloudfoundry.org/clock"
  packages = ["."]
  pruneopts = ""
  revision = "02e53af36e6c978af692887ed449b74026d76fec"

[[projects]]
  branch = "master"
  digest = "1:2748e76aff604db12e8687a843c9e2b795e3c34ceb77f829409ac9c14bacc439"
  name = "code.cloudfoundry.org/consuladapter"
  packages = [
    ".",
    "consulrunner",
  ]
  pruneopts = ""
  revision = "c6d9ccbe0f83c7f3052e8304918f1107d321a39a"

[[projects]]
  branch = "master"
  digest = "1:82c40725362ad51acc1da6cd0c60d0d571d0c058891c7fec94cadf40b3f23558"
  name = "code.cloudfoundry.org/diego-logging-client"
  packages = ["."]
  pruneopts = ""
  revision = "2ef4c1f2416adb5596425c3c3d0d59a7ed452ead"

[[projects]]
  branch = "master"
  digest = "1:f320951b97c5f1ef4c4ab5e85d34dcaf0ed05761837f64ecc109db895f751e80"
  name = "code.cloudfoundry.org/go-diodes"
  packages = ["."]
  pruneopts = ""
  revision = "72629b5276e3e1512ff8c943470848634bf0cabd"

[[projects]]
  digest = "1:3243ef4ec5f42910fa9b5459a543974cc1f645d51cd5d30795f9583472f63809"
  name = "code.cloudfoundry.org/go-loggregator"
  packages = [
    ".",
    "rpc/loggregator_v2",
  ]
  pruneopts = ""
  revision = "7eacadc7c6c75fbf98bf9ed618e7d88fbb67ea44"
  version = "v7.2.0"

[[projects]]
  digest = "1:f36feb7bd3cdc782f5b83e85e512a21bdd4cff9c72aee093549d4ab3a97a5473"
  name = "code.cloudfoundry.org/lager"
  packages = [
    ".",
    "lagerctx",
    "lagertest",
  ]
  pruneopts = ""
  revision = "b60e04e119450552243196105bae0d42179ee0ca"
  version = "v1.1.0"

[[projects]]
  branch = "master"
  digest = "1:8a1054f271f33dc45e59dbae6c405e001ec4f127e1002e1d133fa0261d1c0e3f"
  name = "code.cloudfoundry.org/locket"
  packages = [
    ".",
    "models",
  ]
  pruneopts = ""
  revision = "191f19e220df37f860c2dd830f72985f90740dd8"

[[projects]]
  branch = "master"
  digest = "1:68e76d18ba2432722d6eafdcf28bf3fcda73a918eb4a8afc1d7757bc5dc6a6c6"
  name = "code.cloudfoundry.org/rfc5424"
  packages = ["."]
  pruneopts = ""
  revision = "236a6d29298aea12f69978f33393d12465abc429"

[[projects]]
  branch = "master"
  digest = "1:0a776e52fa4deb432e3c382436ed79c2e20fb6fd02061782c11e3e3a58b86d78"
  name = "github.com/armon/go-metrics"
  packages = ["."]
  pruneopts = ""
  revision = "f0300d1749da6fa982027e449ec0c7a145510c3c"

[[projects]]
  branch = "master"
  digest = "1:da54e55f2f63347514121c0d7b53631970367b26281d057ec66925c57324b8f1"
  name = "github.com/bmizerany/pat"
  packages = ["."]
  pruneopts = ""
  revision = "6226ea591a40176dd3ff9cd8eff81ed6ca721a00"

[[projects]]
  branch = "master"
  digest = "1:33760a46f54436918c1719e95918821e4b67abd3afc32c2a12fddffc7a6a7638"
  name = "github.com/cloudfoundry-incubator/galera-healthcheck"
  packages = [
    "api",
    "api/middleware",
    "config",
    "domain",
  ]
  pruneopts = ""
  revision = "33555947a35259a8b300ad24c6bc02eb771b924d"

[[projects]]
  digest = "1:527e1e468c5586ef2645d143e9f5fbd50b4fe5abc8b1e25d9f1c416d22d24895"
  name = "github.com/gogo/protobuf"
  packages = ["proto"]
  pruneopts = ""
  revision = "4cbf7e384e768b4e01799441fdf2a706a5635ae7"
  version = "v1.2.0"

[[projects]]
  digest = "1:f958a1c137db276e52f0b50efee41a1a389dcdded59a69711f3e872757dab34b"
  name = "github.com/golang/protobuf"
  packages = [
    "jsonpb",
    "proto",
    "ptypes",
    "ptypes/any",
    "ptypes/duration",
    "ptypes/struct",
    "ptypes/timestamp",
  ]
  pruneopts = ""
  revision = "b4deda0973fb4c70b50d226b1af49f3da59f5265"
  version = "v1.1.0"

[[projects]]
  digest = "1:89c393019afe6c213c9b76eab2ff8b46b0c8a24385e29aa2084622e9366f1bad"
  name = "github.com/hashicorp/consul"
  packages = ["api"]
  pruneopts = ""
  revision = "40f243a5dab63b5265fe9014b8b3c4b7c3e7e053"
  version = "v0.9.4"

[[projects]]
  digest = "1:05334858a0cfb538622a066e065287f63f42bee26a7fda93a789674225057201"
  name = "github.com/hashicorp/go-cleanhttp"
  packages = ["."]
  pruneopts = ""
  revision = "e8ab9daed8d1ddd2d3c4efba338fe2eeae2e4f18"
  version = "v0.5.0"

[[projects]]
  digest = "1:c5466dfad4c14bf8e52a34b0eb98f1301acc1e304e0f0ff2c51c356ca1b86747"
  name = "github.com/hashicorp/go-immutable-radix"
  packages = ["."]
  pruneopts = ""
  revision = "27df80928bb34bb1b0d6d0e01b9e679902e7a6b5"
  version = "v1.0.0"

[[projects]]
  digest = "1:c25fc9af3d03f56e1d8827e6d823dcc3318be2902d8182601cf7538834bb346f"
  name = "github.com/hashicorp/go-rootcerts"
  packages = ["."]
  pruneopts = ""
  revision = "63503fb4e1eca22f9ae0f90b49c5d5538a0e87eb"
  version = "v1.0.0"

[[projects]]
  digest = "1:3313a63031ae281e5f6fd7b0bbca733dfa04d2429df86519e3b4d4c016ccb836"
  name = "github.com/hashicorp/golang-lru"
  packages = ["simplelru"]
  pruneopts = ""
  revision = "20f1fb78b0740ba8c3cb143a61e86ba5c8669768"
  version = "v0.5.0"

[[projects]]
  digest = "1:2dd628a226f3a5ff16360f868114731d2734924eef4a49cb64d0781c6c9c5e7e"
  name = "github.com/hashicorp/serf"
  packages = ["coordinate"]
  pruneopts = ""
  revision = "b89a09ebd4b1b570e0076d5097272e67c10ac4f6"
  version = "v0.8.2"

[[projects]]
  digest = "1:302c6eb8e669c997bec516a138b8fc496018faa1ece4c13e445a2749fbe079bb"
  name = "github.com/imdario/mergo"
  packages = ["."]
  pruneopts = ""
  revision = "9316a62528ac99aaecb4e47eadd6dc8aa6533d58"
  version = "v0.3.5"

[[projects]]
  digest = "1:096a8a9182648da3d00ff243b88407838902b6703fc12657f76890e08d1899bf"
  name = "github.com/mitchellh/go-homedir"
  packages = ["."]
  pruneopts = ""
  revision = "ae18d6b8b3205b561c79e8e5f69bff09736185f4"
  version = "v1.0.0"

[[projects]]
  branch = "master"
  digest = "1:55c48c9cfdf8bab6f4911f621616fbe223c0b72a6df9aab6b172ab7e5cfc6bd2"
  name = "github.com/nu7hatch/gouuid"
  packages = ["."]
  pruneopts = ""
  revision = "179d4d0c4d8d407a32af483c2354df1d2c91e6c3"

[[projects]]
  digest = "1:1eece6e2aa8a8f94e0461483229f0c4b0555c17e76e0e7e6b8597c2093d269f8"
  name = "github.com/onsi/ginkgo"
  packages = [
    ".",
    "config",
    "internal/codelocation",
    "internal/containernode",
    "internal/failer",
    "internal/leafnodes",
    "internal/remote",
    "internal/spec",
    "internal/spec_iterator",
    "internal/specrunner",
    "internal/suite",
    "internal/testingtproxy",
    "internal/writer",
    "reporters",
    "reporters/stenographer",
    "reporters/stenographer/support/go-colorable",
    "reporters/stenographer/support/go-isatty",
    "types",
  ]
  pruneopts = ""
  revision = "fa5fabab2a1bfbd924faf4c067d07ae414e2aedf"
  version = "v1.5.0"

[[projects]]
  digest = "1:ae1d23cbf8c1dfdc3ebffa41f28d31fc7110323596e9247e382c9cc7df4243a9"
  name = "github.com/onsi/gomega"
  packages = [
    ".",
    "format",
    "gbytes",
    "gexec",
    "ghttp",
    "internal/assertion",
    "internal/asyncassertion",
    "internal/oraclematcher",
    "internal/testingtsupport",
    "matchers",
    "matchers/support/goraph/bipartitegraph",
    "matchers/support/goraph/edge",
    "matchers/support/goraph/node",
    "matchers/support/goraph/util",
    "types",
  ]
  pruneopts = ""
  revision = "62bff4df71bdbc266561a0caee19f0594b17c240"
  version = "v1.4.0"

[[projects]]
  branch = "master"
  digest = "1:5df5512e169f03e59ae4c598d161e43307dac055e825a3663562271fa0e1852f"
  name = "github.com/pivotal-cf-experimental/service-config"
  packages = [
    ".",
    "test_helpers",
  ]
  pruneopts = ""
  revision = "b1dc94de6ada8bfddf159ce2234958a8f02aec77"

[[projects]]
  branch = "master"
  digest = "1:c3379eec81fbdebabf86c05d68a5aeae369299c35511b296859e9d16dc0994f9"
  name = "github.com/tedsuo/ifrit"
  packages = [
    ".",
    "ginkgomon",
    "grouper",
    "http_server",
    "sigmon",
  ]
  pruneopts = ""
  revision = "2a37a9eb7c3a18e2df8f98067b68de248c126871"

[[projects]]
  digest = "1:5eb69e54b6af5896a81dc45c5125eebe4b37a70df5e121e41d5a879a0c740234"
  name = "github.com/tedsuo/rata"
  packages = ["."]
  pruneopts = ""
  revision = "0649c23705dfb45a9693b668c4fc1c0666f485d9"
  version = "v1.0.0"

[[projects]]
  branch = "master"
  digest = "1:157ada2ba59eefcc8ec96a9bcd9c46121cbb8c33f8f8c869dc92dc117c66d552"
  name = "golang.org/x/net"
  packages = [
    "context",
    "html",
    "html/atom",
    "html/charset",
    "http/httpguts",
    "http2",
    "http2/hpack",
    "idna",
    "internal/timeseries",
    "trace",
  ]
  pruneopts = ""
  revision = "ed29d75add3d7c4bf7ca65aac0c6df3d1420216f"

[[projects]]
  branch = "master"
  digest = "1:26efb515a562ba2f386e4a4cc3067cd5e131353672abc1a3ff28e22cc83232d5"
  name = "golang.org/x/sys"
  packages = ["unix"]
  pruneopts = ""
  revision = "151529c776cdc58ddbe7963ba9af779f3577b419"

[[projects]]
  digest = "1:5acd3512b047305d49e8763eef7ba423901e85d5dd2fd1e71778a0ea8de10bd4"
  name = "golang.org/x/text"
  packages = [
    "collate",
    "collate/build",
    "encoding",
    "encoding/charmap",
    "encoding/htmlindex",
    "encoding/internal",
    "encoding/internal/identifier",
    "encoding/japanese",
    "encoding/korean",
    "encoding/simplifiedchinese",
    "encoding/traditionalchinese",
    "encoding/unicode",
    "internal/colltab",
    "internal/gen",
    "internal/tag",
    "internal/triegen",
    "internal/ucd",
    "internal/utf8internal",
    "language",
    "runes",
    "secure/bidirule",
    "transform",
    "unicode/bidi",
    "unicode/cldr",
    "unicode/norm",
    "unicode/rangetable",
  ]
  pruneopts = ""
  revision = "f21a4dfb5e38f5895301dc265a8def02365cc3d0"
  version = "v0.3.0"

[[projects]]
  branch = "master"
  digest = "1:2255fee1df9431ec9c0a373a4e112a60b28ae435d7af57d69f4f2e2e86800cad"
  name = "google.golang.org/genproto"
  packages = ["googleapis/rpc/status"]
  pruneopts = ""
  revision = "8819c946db4494a2259bf100a377f51aa585d893"

[[projects]]
  digest = "1:39d4d828b87d58d114fdc211f0638f32dcae84019fe17d6b48f9b697f4b60213"
  name = "google.golang.org/grpc"
  packages = [
    ".",
    "balancer",
    "balancer/base",
    "balancer/roundrobin",
    "binarylog/grpc_binarylog_v1",
    "codes",
    "connectivity",
    "credentials",
    "credentials/internal",
    "encoding",
    "encoding/proto",
    "grpclog",
    "internal",
    "internal/backoff",
    "internal/binarylog",
    "internal/channelz",
    "internal/envconfig",
    "internal/grpcrand",
    "internal/grpcsync",
    "internal/syscall",
    "internal/transport",
    "keepalive",
    "metadata",
    "naming",
    "peer",
    "resolver",
    "resolver/dns",
    "resolver/passthrough",
    "stats",
    "status",
    "tap",
  ]
  pruneopts = ""
  revision = "a02b0774206b209466313a0b525d2c738fe407eb"
  version = "v1.18.0"

[[projects]]
  branch = "v2"
  digest = "1:bf922c860f64bb6372daa82bb9c1e8ed144e97ac7587efa80d08b4e98737e9ea"
  name = "gopkg.in/validator.v2"
  packages = ["."]
  pruneopts = ""
  revision = "135c24b11c19e52befcae2ec3fca5d9b78c4e98e"

[[projects]]
  digest = "1:f0620375dd1f6251d9973b5f2596228cc8042e887cd7f827e4220bc1ce8c30e2"
  name = "gopkg.in/yaml.v2"
  packages = ["."]
  pruneopts = ""
  revision = "5420a8b6744d3b0345ab293f6fcba19c978f1183"
  version = "v2.2.1"

[solve-meta]
  analyzer-name = "dep"
  analyzer-version = 1
  input-imports = [
    "code.cloudfoundry.org/cflager",
    "code.cloudfoundry.org/clock",
    "code.cloudfoundry.org/consuladapter",
    "code.cloudfoundry.org/consuladapter/consulrunner",
    "code.cloudfoundry.org/lager",
    "code.cloudfoundry.org/lager/lagertest",
    "code.cloudfoundry.org/locket",
    "github.com/cloudfoundry-incubator/galera-healthcheck/api",
    "github.com/hashicorp/consul/api",
    "github.com/onsi/ginkgo",
    "github.com/onsi/ginkgo/config",
    "github.com/onsi/gomega",
    "github.com/onsi/gomega/gexec",
    "github.com/onsi/gomega/ghttp",
    "github.com/onsi/gomega/types",
    "github.com/pivotal-cf-experimental/service-config",
    "github.com/pivotal-cf-experimental/service-config/test_helpers",
    "github.com/tedsuo/ifrit",
    "github.com/tedsuo/ifrit/ginkgomon",
    "github.com/tedsuo/ifrit/grouper",
    "github.com/tedsuo/ifrit/http_server",
    "github.com/tedsuo/ifrit/sigmon",
    "gopkg.in/validator.v2",
  ]
  solver-name = "gps-cdcl"
  solver-version = 1
